// !$*UTF8*$!
{
	archiveVersion = 1;
	classes = {
	};
	objectVersion = 46;
	objects = {

/* Begin PBXBuildFile section */
		999257641A62A4D70078A685 /* ManagedObjectProvider.h in CopyFiles */ = {isa = PBXBuildFile; fileRef = 99B7796A1A5E3829005AF0F4 /* ManagedObjectProvider.h */; };
		999257651A62A4D70078A685 /* ManagedUIProtocol.h in CopyFiles */ = {isa = PBXBuildFile; fileRef = 99B7796C1A5E3829005AF0F4 /* ManagedUIProtocol.h */; };
		999257661A62A4D70078A685 /* ManagedUITextField.h in CopyFiles */ = {isa = PBXBuildFile; fileRef = 99B7796D1A5E3829005AF0F4 /* ManagedUITextField.h */; };
		999257671A62A4D70078A685 /* ManagedUITextView.h in CopyFiles */ = {isa = PBXBuildFile; fileRef = 99B7796F1A5E3829005AF0F4 /* ManagedUITextView.h */; };
		9992576A1A62D34F0078A685 /* ValidateUtil.h in CopyFiles */ = {isa = PBXBuildFile; fileRef = CEB4E9AC9821D1D2259F7302 /* ValidateUtil.h */; };
		99B7795C1A5E37DC005AF0F4 /* libManagedUI.a in Frameworks */ = {isa = PBXBuildFile; fileRef = 99B779501A5E37DC005AF0F4 /* libManagedUI.a */; };
		99B779711A5E3829005AF0F4 /* ManagedObjectProvider.m in Sources */ = {isa = PBXBuildFile; fileRef = 99B7796B1A5E3829005AF0F4 /* ManagedObjectProvider.m */; };
		99B779721A5E3829005AF0F4 /* ManagedUITextField.m in Sources */ = {isa = PBXBuildFile; fileRef = 99B7796E1A5E3829005AF0F4 /* ManagedUITextField.m */; };
		99B779731A5E3829005AF0F4 /* ManagedUITextView.m in Sources */ = {isa = PBXBuildFile; fileRef = 99B779701A5E3829005AF0F4 /* ManagedUITextView.m */; };
		99CA8B1C1A627D5A00B77BF7 /* ManagedUI.h in CopyFiles */ = {isa = PBXBuildFile; fileRef = 99B779531A5E37DC005AF0F4 /* ManagedUI.h */; };
		CEB4E5B61BFF21E6337B6223 /* UITextField+Managed.m in Sources */ = {isa = PBXBuildFile; fileRef = CEB4E3973F07B72F8B49D404 /* UITextField+Managed.m */; };
		CEB4E93F356B195753C754E2 /* ValidateUtil.m in Sources */ = {isa = PBXBuildFile; fileRef = CEB4E97070AF77F447D17F1B /* ValidateUtil.m */; };
		CEB4EA58C2C1FC45671F87C3 /* ManagedUITextFieldDelegate.m in Sources */ = {isa = PBXBuildFile; fileRef = CEB4EAF551710009EE8EAC19 /* ManagedUITextFieldDelegate.m */; };
/* End PBXBuildFile section */

/* Begin PBXContainerItemProxy section */
		99B7795D1A5E37DC005AF0F4 /* PBXContainerItemProxy */ = {
			isa = PBXContainerItemProxy;
			containerPortal = 99B779481A5E37DC005AF0F4 /* Project object */;
			proxyType = 1;
			remoteGlobalIDString = 99B7794F1A5E37DC005AF0F4;
			remoteInfo = ManagedUI;
		};
/* End PBXContainerItemProxy section */

/* Begin PBXCopyFilesBuildPhase section */
		99B7794E1A5E37DC005AF0F4 /* CopyFiles */ = {
			isa = PBXCopyFilesBuildPhase;
			buildActionMask = 12;
			dstPath = "include/$(PRODUCT_NAME)";
			dstSubfolderSpec = 16;
			files = (
				9992576A1A62D34F0078A685 /* ValidateUtil.h in CopyFiles */,
				999257641A62A4D70078A685 /* ManagedObjectProvider.h in CopyFiles */,
				999257651A62A4D70078A685 /* ManagedUIProtocol.h in CopyFiles */,
				999257661A62A4D70078A685 /* ManagedUITextField.h in CopyFiles */,
				999257671A62A4D70078A685 /* ManagedUITextView.h in CopyFiles */,
				99CA8B1C1A627D5A00B77BF7 /* ManagedUI.h in CopyFiles */,
			);
			runOnlyForDeploymentPostprocessing = 0;
		};
/* End PBXCopyFilesBuildPhase section */

/* Begin PBXFileReference section */
		99B779501A5E37DC005AF0F4 /* libManagedUI.a */ = {isa = PBXFileReference; explicitFileType = archive.ar; includeInIndex = 0; path = libManagedUI.a; sourceTree = BUILT_PRODUCTS_DIR; };
		99B779531A5E37DC005AF0F4 /* ManagedUI.h */ = {isa = PBXFileReference; lastKnownFileType = sourcecode.c.h; path = ManagedUI.h; sourceTree = "<group>"; };
		99B7795B1A5E37DC005AF0F4 /* ManagedUITests.xctest */ = {isa = PBXFileReference; explicitFileType = wrapper.cfbundle; includeInIndex = 0; path = ManagedUITests.xctest; sourceTree = BUILT_PRODUCTS_DIR; };
		99B779611A5E37DC005AF0F4 /* Info.plist */ = {isa = PBXFileReference; lastKnownFileType = text.plist.xml; path = Info.plist; sourceTree = "<group>"; };
		99B7796A1A5E3829005AF0F4 /* ManagedObjectProvider.h */ = {isa = PBXFileReference; fileEncoding = 4; lastKnownFileType = sourcecode.c.h; path = ManagedObjectProvider.h; sourceTree = "<group>"; };
		99B7796B1A5E3829005AF0F4 /* ManagedObjectProvider.m */ = {isa = PBXFileReference; fileEncoding = 4; lastKnownFileType = sourcecode.c.objc; path = ManagedObjectProvider.m; sourceTree = "<group>"; };
		99B7796C1A5E3829005AF0F4 /* ManagedUIProtocol.h */ = {isa = PBXFileReference; fileEncoding = 4; lastKnownFileType = sourcecode.c.h; path = ManagedUIProtocol.h; sourceTree = "<group>"; };
		99B7796D1A5E3829005AF0F4 /* ManagedUITextField.h */ = {isa = PBXFileReference; fileEncoding = 4; lastKnownFileType = sourcecode.c.h; path = ManagedUITextField.h; sourceTree = "<group>"; };
		99B7796E1A5E3829005AF0F4 /* ManagedUITextField.m */ = {isa = PBXFileReference; fileEncoding = 4; lastKnownFileType = sourcecode.c.objc; path = ManagedUITextField.m; sourceTree = "<group>"; };
		99B7796F1A5E3829005AF0F4 /* ManagedUITextView.h */ = {isa = PBXFileReference; fileEncoding = 4; lastKnownFileType = sourcecode.c.h; path = ManagedUITextView.h; sourceTree = "<group>"; };
		99B779701A5E3829005AF0F4 /* ManagedUITextView.m */ = {isa = PBXFileReference; fileEncoding = 4; lastKnownFileType = sourcecode.c.objc; path = ManagedUITextView.m; sourceTree = "<group>"; };
		CEB4E3973F07B72F8B49D404 /* UITextField+Managed.m */ = {isa = PBXFileReference; fileEncoding = 4; lastKnownFileType = sourcecode.c.objc; path = "UITextField+Managed.m"; sourceTree = "<group>"; };
		CEB4E97070AF77F447D17F1B /* ValidateUtil.m */ = {isa = PBXFileReference; fileEncoding = 4; lastKnownFileType = sourcecode.c.objc; path = ValidateUtil.m; sourceTree = "<group>"; };
		CEB4E9AC9821D1D2259F7302 /* ValidateUtil.h */ = {isa = PBXFileReference; fileEncoding = 4; lastKnownFileType = sourcecode.c.h; path = ValidateUtil.h; sourceTree = "<group>"; };
		CEB4EAF551710009EE8EAC19 /* ManagedUITextFieldDelegate.m */ = {isa = PBXFileReference; fileEncoding = 4; lastKnownFileType = sourcecode.c.objc; path = ManagedUITextFieldDelegate.m; sourceTree = "<group>"; };
		CEB4EE70EB346A3390162A39 /* ManagedUITextFieldDelegate.h */ = {isa = PBXFileReference; fileEncoding = 4; lastKnownFileType = sourcecode.c.h; path = ManagedUITextFieldDelegate.h; sourceTree = "<group>"; };
		CEB4EF4DE63EE1E85BC4E4C7 /* UITextField+Managed.h */ = {isa = PBXFileReference; fileEncoding = 4; lastKnownFileType = sourcecode.c.h; path = "UITextField+Managed.h"; sourceTree = "<group>"; };
/* End PBXFileReference section */

/* Begin PBXFrameworksBuildPhase section */
		99B7794D1A5E37DC005AF0F4 /* Frameworks */ = {
			isa = PBXFrameworksBuildPhase;
			buildActionMask = 2147483647;
			files = (
			);
			runOnlyForDeploymentPostprocessing = 0;
		};
		99B779581A5E37DC005AF0F4 /* Frameworks */ = {
			isa = PBXFrameworksBuildPhase;
			buildActionMask = 2147483647;
			files = (
				99B7795C1A5E37DC005AF0F4 /* libManagedUI.a in Frameworks */,
			);
			runOnlyForDeploymentPostprocessing = 0;
		};
/* End PBXFrameworksBuildPhase section */

/* Begin PBXGroup section */
		99B779471A5E37DC005AF0F4 = {
			isa = PBXGroup;
			children = (
				99B779521A5E37DC005AF0F4 /* ManagedUI */,
				99B7795F1A5E37DC005AF0F4 /* ManagedUITests */,
				99B779511A5E37DC005AF0F4 /* Products */,
			);
			sourceTree = "<group>";
		};
		99B779511A5E37DC005AF0F4 /* Products */ = {
			isa = PBXGroup;
			children = (
				99B779501A5E37DC005AF0F4 /* libManagedUI.a */,
				99B7795B1A5E37DC005AF0F4 /* ManagedUITests.xctest */,
			);
			name = Products;
			sourceTree = "<group>";
		};
		99B779521A5E37DC005AF0F4 /* ManagedUI */ = {
			isa = PBXGroup;
			children = (
				99B7796A1A5E3829005AF0F4 /* ManagedObjectProvider.h */,
				99B7796B1A5E3829005AF0F4 /* ManagedObjectProvider.m */,
				99B7796C1A5E3829005AF0F4 /* ManagedUIProtocol.h */,
				99B7796D1A5E3829005AF0F4 /* ManagedUITextField.h */,
				99B7796E1A5E3829005AF0F4 /* ManagedUITextField.m */,
				99B7796F1A5E3829005AF0F4 /* ManagedUITextView.h */,
				99B779701A5E3829005AF0F4 /* ManagedUITextView.m */,
				99B779531A5E37DC005AF0F4 /* ManagedUI.h */,
				CEB4E97070AF77F447D17F1B /* ValidateUtil.m */,
				CEB4E9AC9821D1D2259F7302 /* ValidateUtil.h */,
				CEB4EAF551710009EE8EAC19 /* ManagedUITextFieldDelegate.m */,
				CEB4EE70EB346A3390162A39 /* ManagedUITextFieldDelegate.h */,
				CEB4E3973F07B72F8B49D404 /* UITextField+Managed.m */,
				CEB4EF4DE63EE1E85BC4E4C7 /* UITextField+Managed.h */,
			);
			path = ManagedUI;
			sourceTree = "<group>";
		};
		99B7795F1A5E37DC005AF0F4 /* ManagedUITests */ = {
			isa = PBXGroup;
			children = (
				99B779601A5E37DC005AF0F4 /* Supporting Files */,
			);
			path = ManagedUITests;
			sourceTree = "<group>";
		};
		99B779601A5E37DC005AF0F4 /* Supporting Files */ = {
			isa = PBXGroup;
			children = (
				99B779611A5E37DC005AF0F4 /* Info.plist */,
			);
			name = "Supporting Files";
			sourceTree = "<group>";
		};
/* End PBXGroup section */

/* Begin PBXNativeTarget section */
		99B7794F1A5E37DC005AF0F4 /* ManagedUI */ = {
			isa = PBXNativeTarget;
			buildConfigurationList = 99B779641A5E37DC005AF0F4 /* Build configuration list for PBXNativeTarget "ManagedUI" */;
			buildPhases = (
				99B7794C1A5E37DC005AF0F4 /* Sources */,
				99B7794D1A5E37DC005AF0F4 /* Frameworks */,
				99B7794E1A5E37DC005AF0F4 /* CopyFiles */,
			);
			buildRules = (
			);
			dependencies = (
			);
			name = ManagedUI;
			productName = ManagedUI;
			productReference = 99B779501A5E37DC005AF0F4 /* libManagedUI.a */;
			productType = "com.apple.product-type.library.static";
		};
		99B7795A1A5E37DC005AF0F4 /* ManagedUITests */ = {
			isa = PBXNativeTarget;
			buildConfigurationList = 99B779671A5E37DC005AF0F4 /* Build configuration list for PBXNativeTarget "ManagedUITests" */;
			buildPhases = (
				99B779571A5E37DC005AF0F4 /* Sources */,
				99B779581A5E37DC005AF0F4 /* Frameworks */,
				99B779591A5E37DC005AF0F4 /* Resources */,
			);
			buildRules = (
			);
			dependencies = (
				99B7795E1A5E37DC005AF0F4 /* PBXTargetDependency */,
			);
			name = ManagedUITests;
			productName = ManagedUITests;
			productReference = 99B7795B1A5E37DC005AF0F4 /* ManagedUITests.xctest */;
			productType = "com.apple.product-type.bundle.unit-test";
		};
/* End PBXNativeTarget section */

/* Begin PBXProject section */
		99B779481A5E37DC005AF0F4 /* Project object */ = {
			isa = PBXProject;
			attributes = {
				LastUpgradeCheck = 0610;
				ORGANIZATIONNAME = "Massive Infinity";
				TargetAttributes = {
					99B7794F1A5E37DC005AF0F4 = {
						CreatedOnToolsVersion = 6.1.1;
					};
					99B7795A1A5E37DC005AF0F4 = {
						CreatedOnToolsVersion = 6.1.1;
					};
				};
			};
			buildConfigurationList = 99B7794B1A5E37DC005AF0F4 /* Build configuration list for PBXProject "ManagedUI" */;
			compatibilityVersion = "Xcode 3.2";
			developmentRegion = English;
			hasScannedForEncodings = 0;
			knownRegions = (
				en,
			);
			mainGroup = 99B779471A5E37DC005AF0F4;
			productRefGroup = 99B779511A5E37DC005AF0F4 /* Products */;
			projectDirPath = "";
			projectRoot = "";
			targets = (
				99B7794F1A5E37DC005AF0F4 /* ManagedUI */,
				99B7795A1A5E37DC005AF0F4 /* ManagedUITests */,
			);
		};
/* End PBXProject section */

/* Begin PBXResourcesBuildPhase section */
		99B779591A5E37DC005AF0F4 /* Resources */ = {
			isa = PBXResourcesBuildPhase;
			buildActionMask = 2147483647;
			files = (
			);
			runOnlyForDeploymentPostprocessing = 0;
		};
/* End PBXResourcesBuildPhase section */

/* Begin PBXSourcesBuildPhase section */
		99B7794C1A5E37DC005AF0F4 /* Sources */ = {
			isa = PBXSourcesBuildPhase;
			buildActionMask = 2147483647;
			files = (
				99B779731A5E3829005AF0F4 /* ManagedUITextView.m in Sources */,
				99B779721A5E3829005AF0F4 /* ManagedUITextField.m in Sources */,
				99B779711A5E3829005AF0F4 /* ManagedObjectProvider.m in Sources */,
				CEB4E93F356B195753C754E2 /* ValidateUtil.m in Sources */,
				CEB4EA58C2C1FC45671F87C3 /* ManagedUITextFieldDelegate.m in Sources */,
				CEB4E5B61BFF21E6337B6223 /* UITextField+Managed.m in Sources */,
			);
			runOnlyForDeploymentPostprocessing = 0;
		};
		99B779571A5E37DC005AF0F4 /* Sources */ = {
			isa = PBXSourcesBuildPhase;
			buildActionMask = 2147483647;
			files = (
			);
			runOnlyForDeploymentPostprocessing = 0;
		};
/* End PBXSourcesBuildPhase section */

/* Begin PBXTargetDependency section */
		99B7795E1A5E37DC005AF0F4 /* PBXTargetDependency */ = {
			isa = PBXTargetDependency;
			target = 99B7794F1A5E37DC005AF0F4 /* ManagedUI */;
			targetProxy = 99B7795D1A5E37DC005AF0F4 /* PBXContainerItemProxy */;
		};
/* End PBXTargetDependency section */

/* Begin XCBuildConfiguration section */
		997B82841A7B7A4600283451 /* AdHoc */ = {
			isa = XCBuildConfiguration;
			buildSettings = {
				ALWAYS_SEARCH_USER_PATHS = NO;
				CLANG_CXX_LANGUAGE_STANDARD = "gnu++0x";
				CLANG_CXX_LIBRARY = "libc++";
				CLANG_ENABLE_MODULES = YES;
				CLANG_ENABLE_OBJC_ARC = YES;
				CLANG_WARN_BOOL_CONVERSION = YES;
				CLANG_WARN_CONSTANT_CONVERSION = YES;
				CLANG_WARN_DIRECT_OBJC_ISA_USAGE = YES_ERROR;
				CLANG_WARN_EMPTY_BODY = YES;
				CLANG_WARN_ENUM_CONVERSION = YES;
				CLANG_WARN_INT_CONVERSION = YES;
				CLANG_WARN_OBJC_ROOT_CLASS = YES_ERROR;
				CLANG_WARN_UNREACHABLE_CODE = YES;
				CLANG_WARN__DUPLICATE_METHOD_MATCH = YES;
				CODE_SIGN_IDENTITY = "iPhone Distribution";
				COPY_PHASE_STRIP = YES;
				ENABLE_NS_ASSERTIONS = NO;
				ENABLE_STRICT_OBJC_MSGSEND = YES;
				GCC_C_LANGUAGE_STANDARD = gnu99;
				GCC_WARN_64_TO_32_BIT_CONVERSION = YES;
				GCC_WARN_ABOUT_RETURN_TYPE = YES_ERROR;
				GCC_WARN_UNDECLARED_SELECTOR = YES;
				GCC_WARN_UNINITIALIZED_AUTOS = YES_AGGRESSIVE;
				GCC_WARN_UNUSED_FUNCTION = YES;
				GCC_WARN_UNUSED_VARIABLE = YES;
				IPHONEOS_DEPLOYMENT_TARGET = 7.0;
				MTL_ENABLE_DEBUG_INFO = NO;
				SDKROOT = iphoneos;
				VALIDATE_PRODUCT = YES;
			};
			name = AdHoc;
		};
		997B82851A7B7A4600283451 /* AdHoc */ = {
			isa = XCBuildConfiguration;
			buildSettings = {
				OTHER_LDFLAGS = "-ObjC";
				PRODUCT_NAME = "$(TARGET_NAME)";
				SKIP_INSTALL = YES;
			};
			name = AdHoc;
		};
		997B82861A7B7A4600283451 /* AdHoc */ = {
			isa = XCBuildConfiguration;
			buildSettings = {
				FRAMEWORK_SEARCH_PATHS = (
					"$(SDKROOT)/Developer/Library/Frameworks",
					"$(inherited)",
				);
				INFOPLIST_FILE = ManagedUITests/Info.plist;
				LD_RUNPATH_SEARCH_PATHS = "$(inherited) @executable_path/Frameworks @loader_path/Frameworks";
				PRODUCT_NAME = "$(TARGET_NAME)";
			};
			name = AdHoc;
		};
		99B779621A5E37DC005AF0F4 /* Debug */ = {
			isa = XCBuildConfiguration;
			buildSettings = {
				ALWAYS_SEARCH_USER_PATHS = NO;
				CLANG_CXX_LANGUAGE_STANDARD = "gnu++0x";
				CLANG_CXX_LIBRARY = "libc++";
				CLANG_ENABLE_MODULES = YES;
				CLANG_ENABLE_OBJC_ARC = YES;
				CLANG_WARN_BOOL_CONVERSION = YES;
				CLANG_WARN_CONSTANT_CONVERSION = YES;
				CLANG_WARN_DIRECT_OBJC_ISA_USAGE = YES_ERROR;
				CLANG_WARN_EMPTY_BODY = YES;
				CLANG_WARN_ENUM_CONVERSION = YES;
				CLANG_WARN_INT_CONVERSION = YES;
				CLANG_WARN_OBJC_ROOT_CLASS = YES_ERROR;
				CLANG_WARN_UNREACHABLE_CODE = YES;
				CLANG_WARN__DUPLICATE_METHOD_MATCH = YES;
				CODE_SIGN_IDENTITY = "iPhone Developer";
				COPY_PHASE_STRIP = NO;
				ENABLE_STRICT_OBJC_MSGSEND = YES;
				GCC_C_LANGUAGE_STANDARD = gnu99;
				GCC_DYNAMIC_NO_PIC = NO;
				GCC_OPTIMIZATION_LEVEL = 0;
				GCC_PREPROCESSOR_DEFINITIONS = (
					"DEBUG=1",
					"$(inherited)",
				);
				GCC_SYMBOLS_PRIVATE_EXTERN = NO;
				GCC_WARN_64_TO_32_BIT_CONVERSION = YES;
				GCC_WARN_ABOUT_RETURN_TYPE = YES_ERROR;
				GCC_WARN_UNDECLARED_SELECTOR = YES;
				GCC_WARN_UNINITIALIZED_AUTOS = YES_AGGRESSIVE;
				GCC_WARN_UNUSED_FUNCTION = YES;
				GCC_WARN_UNUSED_VARIABLE = YES;
				IPHONEOS_DEPLOYMENT_TARGET = 7.0;
				MTL_ENABLE_DEBUG_INFO = YES;
				ONLY_ACTIVE_ARCH = NO;
				SDKROOT = iphoneos;
			};
			name = Debug;
		};
		99B779631A5E37DC005AF0F4 /* Release */ = {
			isa = XCBuildConfiguration;
			buildSettings = {
				ALWAYS_SEARCH_USER_PATHS = NO;
				CLANG_CXX_LANGUAGE_STANDARD = "gnu++0x";
				CLANG_CXX_LIBRARY = "libc++";
				CLANG_ENABLE_MODULES = YES;
				CLANG_ENABLE_OBJC_ARC = YES;
				CLANG_WARN_BOOL_CONVERSION = YES;
				CLANG_WARN_CONSTANT_CONVERSION = YES;
				CLANG_WARN_DIRECT_OBJC_ISA_USAGE = YES_ERROR;
				CLANG_WARN_EMPTY_BODY = YES;
				CLANG_WARN_ENUM_CONVERSION = YES;
				CLANG_WARN_INT_CONVERSION = YES;
				CLANG_WARN_OBJC_ROOT_CLASS = YES_ERROR;
				CLANG_WARN_UNREACHABLE_CODE = YES;
				CLANG_WARN__DUPLICATE_METHOD_MATCH = YES;
				CODE_SIGN_IDENTITY = "iPhone Distribution";
				COPY_PHASE_STRIP = YES;
				ENABLE_NS_ASSERTIONS = NO;
				ENABLE_STRICT_OBJC_MSGSEND = YES;
				GCC_C_LANGUAGE_STANDARD = gnu99;
				GCC_WARN_64_TO_32_BIT_CONVERSION = YES;
				GCC_WARN_ABOUT_RETURN_TYPE = YES_ERROR;
				GCC_WARN_UNDECLARED_SELECTOR = YES;
				GCC_WARN_UNINITIALIZED_AUTOS = YES_AGGRESSIVE;
				GCC_WARN_UNUSED_FUNCTION = YES;
				GCC_WARN_UNUSED_VARIABLE = YES;
				IPHONEOS_DEPLOYMENT_TARGET = 7.0;
				MTL_ENABLE_DEBUG_INFO = NO;
				SDKROOT = iphoneos;
				VALIDATE_PRODUCT = YES;
			};
			name = Release;
		};
		99B779651A5E37DC005AF0F4 /* Debug */ = {
			isa = XCBuildConfiguration;
			buildSettings = {
				OTHER_LDFLAGS = "-ObjC";
				PRODUCT_NAME = "$(TARGET_NAME)";
				SKIP_INSTALL = YES;
			};
			name = Debug;
		};
		99B779661A5E37DC005AF0F4 /* Release */ = {
			isa = XCBuildConfiguration;
			buildSettings = {
				OTHER_LDFLAGS = "-ObjC";
				PRODUCT_NAME = "$(TARGET_NAME)";
				SKIP_INSTALL = YES;
			};
			name = Release;
		};
		99B779681A5E37DC005AF0F4 /* Debug */ = {
			isa = XCBuildConfiguration;
			buildSettings = {
				FRAMEWORK_SEARCH_PATHS = (
					"$(SDKROOT)/Developer/Library/Frameworks",
					"$(inherited)",
				);
				GCC_PREPROCESSOR_DEFINITIONS = (
					"DEBUG=1",
					"$(inherited)",
				);
				INFOPLIST_FILE = ManagedUITests/Info.plist;
				LD_RUNPATH_SEARCH_PATHS = "$(inherited) @executable_path/Frameworks @loader_path/Frameworks";
				PRODUCT_NAME = "$(TARGET_NAME)";
			};
			name = Debug;
		};
		99B779691A5E37DC005AF0F4 /* Release */ = {
			isa = XCBuildConfiguration;
			buildSettings = {
				FRAMEWORK_SEARCH_PATHS = (
					"$(SDKROOT)/Developer/Library/Frameworks",
					"$(inherited)",
				);
				INFOPLIST_FILE = ManagedUITests/Info.plist;
				LD_RUNPATH_SEARCH_PATHS = "$(inherited) @executable_path/Frameworks @loader_path/Frameworks";
				PRODUCT_NAME = "$(TARGET_NAME)";
			};
			name = Release;
		};
/* End XCBuildConfiguration section */

/* Begin XCConfigurationList section */
		99B7794B1A5E37DC005AF0F4 /* Build configuration list for PBXProject "ManagedUI" */ = {
			isa = XCConfigurationList;
			buildConfigurations = (
				99B779621A5E37DC005AF0F4 /* Debug */,
				99B779631A5E37DC005AF0F4 /* Release */,
				997B82841A7B7A4600283451 /* AdHoc */,
			);
			defaultConfigurationIsVisible = 0;
			defaultConfigurationName = Release;
		};
		99B779641A5E37DC005AF0F4 /* Build configuration list for PBXNativeTarget "ManagedUI" */ = {
			isa = XCConfigurationList;
			buildConfigurations = (
				99B779651A5E37DC005AF0F4 /* Debug */,
				99B779661A5E37DC005AF0F4 /* Release */,
				997B82851A7B7A4600283451 /* AdHoc */,
			);
			defaultConfigurationIsVisible = 0;
			defaultConfigurationName = Release;
		};
		99B779671A5E37DC005AF0F4 /* Build configuration list for PBXNativeTarget "ManagedUITests" */ = {
			isa = XCConfigurationList;
			buildConfigurations = (
				99B779681A5E37DC005AF0F4 /* Debug */,
				99B779691A5E37DC005AF0F4 /* Release */,
				997B82861A7B7A4600283451 /* AdHoc */,
			);
			defaultConfigurationIsVisible = 0;
			defaultConfigurationName = Release;
		};
/* End XCConfigurationList section */
	};
	rootObject = 99B779481A5E37DC005AF0F4 /* Project object */;
}
